
Microsoft Visual Studio Solution File, Format Version 12.00
# Visual Studio Version 17
VisualStudioVersion = 17.3.32922.545
MinimumVisualStudioVersion = 10.0.40219.1
Project("{FAE04EC0-301F-11D3-BF4B-00C04F79EFBC}") = "dbcollection", "dbcollection\dbcollection.csproj", "{45383359-42C1-45DC-B094-D22713ECFF4B}"
EndProject
Global
	GlobalSection(SolutionConfigurationPlatforms) = preSolution
		Debug|Any CPU = Debug|Any CPU
		Release|Any CPU = Release|Any CPU
	EndGlobalSection
	GlobalSection(ProjectConfigurationPlatforms) = postSolution
		{45383359-42C1-45DC-B094-D22713ECFF4B}.Debug|Any CPU.ActiveCfg = Debug|Any CPU
		{45383359-42C1-45DC-B094-D22713ECFF4B}.Debug|Any CPU.Build.0 = Debug|Any CPU
		{45383359-42C1-45DC-B094-D22713ECFF4B}.Release|Any CPU.ActiveCfg = Release|Any CPU
		{45383359-42C1-45DC-B094-D22713ECFF4B}.Release|Any CPU.Build.0 = Release|Any CPU
	EndGlobalSection
	GlobalSection(SolutionProperties) = preSolution
		HideSolutionNode = FALSE
	EndGlobalSection
	GlobalSection(ExtensibilityGlobals) = postSolution
		SolutionGuid = {7FF9E12F-7B2A-4BB3-9532-47B1DB807FC6}
	EndGlobalSection
EndGlobal
